
Microsoft Visual Studio Solution File, Format Version 12.00
# Visual Studio Version 16
VisualStudioVersion = 16.0.32929.386
MinimumVisualStudioVersion = 10.0.40219.1
Project("{FAE04EC0-301F-11D3-BF4B-00C04F79EFBC}") = "galeriv1", "galeriv1\galeriv1.csproj", "{B1DB6C08-7ABB-4DEF-B156-DA07D62FF74A}"
EndProject
Global
	GlobalSection(SolutionConfigurationPlatforms) = preSolution
		Debug|Any CPU = Debug|Any CPU
		Release|Any CPU = Release|Any CPU
	EndGlobalSection
	GlobalSection(ProjectConfigurationPlatforms) = postSolution
		{B1DB6C08-7ABB-4DEF-B156-DA07D62FF74A}.Debug|Any CPU.ActiveCfg = Debug|Any CPU
		{B1DB6C08-7ABB-4DEF-B156-DA07D62FF74A}.Debug|Any CPU.Build.0 = Debug|Any CPU
		{B1DB6C08-7ABB-4DEF-B156-DA07D62FF74A}.Release|Any CPU.ActiveCfg = Release|Any CPU
		{B1DB6C08-7ABB-4DEF-B156-DA07D62FF74A}.Release|Any CPU.Build.0 = Release|Any CPU
	EndGlobalSection
	GlobalSection(SolutionProperties) = preSolution
		HideSolutionNode = FALSE
	EndGlobalSection
	GlobalSection(ExtensibilityGlobals) = postSolution
		SolutionGuid = {D622D081-1480-4ADA-B7BD-7272E6CCC9AB}
	EndGlobalSection
EndGlobal
